// !$*UTF8*$!
{
	archiveVersion = 1;
	classes = {
	};
	objectVersion = 50;
	objects = {

/* Begin PBXBuildFile section */
		7279EF84236EC61D005ECC81 /* AppDelegate.swift in Sources */ = {isa = PBXBuildFile; fileRef = 7279EF83236EC61D005ECC81 /* AppDelegate.swift */; };
		7279EF86236EC61D005ECC81 /* SceneDelegate.swift in Sources */ = {isa = PBXBuildFile; fileRef = 7279EF85236EC61D005ECC81 /* SceneDelegate.swift */; };
		7279EF88236EC61D005ECC81 /* ViewController.swift in Sources */ = {isa = PBXBuildFile; fileRef = 7279EF87236EC61D005ECC81 /* ViewController.swift */; };
		7279EF8B236EC61D005ECC81 /* Main.storyboard in Resources */ = {isa = PBXBuildFile; fileRef = 7279EF89236EC61D005ECC81 /* Main.storyboard */; };
		7279EF8D236EC623005ECC81 /* Assets.xcassets in Resources */ = {isa = PBXBuildFile; fileRef = 7279EF8C236EC623005ECC81 /* Assets.xcassets */; };
		7279EF90236EC623005ECC81 /* LaunchScreen.storyboard in Resources */ = {isa = PBXBuildFile; fileRef = 7279EF8E236EC623005ECC81 /* LaunchScreen.storyboard */; };
/* End PBXBuildFile section */

/* Begin PBXFileReference section */
		7279EF80236EC61D005ECC81 /* Morningbees-iOS.app */ = {isa = PBXFileReference; explicitFileType = wrapper.application; includeInIndex = 0; path = "Morningbees-iOS.app"; sourceTree = BUILT_PRODUCTS_DIR; };
		7279EF83236EC61D005ECC81 /* AppDelegate.swift */ = {isa = PBXFileReference; lastKnownFileType = sourcecode.swift; path = AppDelegate.swift; sourceTree = "<group>"; };
		7279EF85236EC61D005ECC81 /* SceneDelegate.swift */ = {isa = PBXFileReference; lastKnownFileType = sourcecode.swift; path = SceneDelegate.swift; sourceTree = "<group>"; };
		7279EF87236EC61D005ECC81 /* ViewController.swift */ = {isa = PBXFileReference; lastKnownFileType = sourcecode.swift; path = ViewController.swift; sourceTree = "<group>"; };
		7279EF8A236EC61D005ECC81 /* Base */ = {isa = PBXFileReference; lastKnownFileType = file.storyboard; name = Base; path = Base.lproj/Main.storyboard; sourceTree = "<group>"; };
		7279EF8C236EC623005ECC81 /* Assets.xcassets */ = {isa = PBXFileReference; lastKnownFileType = folder.assetcatalog; path = Assets.xcassets; sourceTree = "<group>"; };
		7279EF8F236EC623005ECC81 /* Base */ = {isa = PBXFileReference; lastKnownFileType = file.storyboard; name = Base; path = Base.lproj/LaunchScreen.storyboard; sourceTree = "<group>"; };
		7279EF91236EC623005ECC81 /* Info.plist */ = {isa = PBXFileReference; lastKnownFileType = text.plist.xml; path = Info.plist; sourceTree = "<group>"; };
/* End PBXFileReference section */

/* Begin PBXFrameworksBuildPhase section */
		7279EF7D236EC61D005ECC81 /* Frameworks */ = {
			isa = PBXFrameworksBuildPhase;
			buildActionMask = 2147483647;
			files = (
			);
			runOnlyForDeploymentPostprocessing = 0;
		};
/* End PBXFrameworksBuildPhase section */

/* Begin PBXGroup section */
		7279EF77236EC61D005ECC81 = {
			isa = PBXGroup;
			children = (
				7279EF82236EC61D005ECC81 /* Morningbees-iOS */,
				7279EF81236EC61D005ECC81 /* Products */,
			);
			sourceTree = "<group>";
		};
		7279EF81236EC61D005ECC81 /* Products */ = {
			isa = PBXGroup;
			children = (
				7279EF80236EC61D005ECC81 /* Morningbees-iOS.app */,
			);
			name = Products;
			sourceTree = "<group>";
		};
		7279EF82236EC61D005ECC81 /* Morningbees-iOS */ = {
			isa = PBXGroup;
			children = (
				7279EF83236EC61D005ECC81 /* AppDelegate.swift */,
				7279EF85236EC61D005ECC81 /* SceneDelegate.swift */,
				7279EF87236EC61D005ECC81 /* ViewController.swift */,
				7279EF89236EC61D005ECC81 /* Main.storyboard */,
				7279EF8C236EC623005ECC81 /* Assets.xcassets */,
				7279EF8E236EC623005ECC81 /* LaunchScreen.storyboard */,
				7279EF91236EC623005ECC81 /* Info.plist */,
			);
			path = "Morningbees-iOS";
			sourceTree = "<group>";
		};
/* End PBXGroup section */

/* Begin PBXNativeTarget section */
		7279EF7F236EC61D005ECC81 /* Morningbees-iOS */ = {
			isa = PBXNativeTarget;
			buildConfigurationList = 7279EF94236EC623005ECC81 /* Build configuration list for PBXNativeTarget "Morningbees-iOS" */;
			buildPhases = (
				7279EF7C236EC61D005ECC81 /* Sources */,
				7279EF7D236EC61D005ECC81 /* Frameworks */,
				7279EF7E236EC61D005ECC81 /* Resources */,
			);
			buildRules = (
			);
			dependencies = (
			);
			name = "Morningbees-iOS";
			productName = "Morningbees-iOS";
			productReference = 7279EF80236EC61D005ECC81 /* Morningbees-iOS.app */;
			productType = "com.apple.product-type.application";
		};
/* End PBXNativeTarget section */

/* Begin PBXProject section */
		7279EF78236EC61D005ECC81 /* Project object */ = {
			isa = PBXProject;
			attributes = {
				LastSwiftUpdateCheck = 1120;
				LastUpgradeCheck = 1120;
				ORGANIZATIONNAME = "JUN LEE";
				TargetAttributes = {
					7279EF7F236EC61D005ECC81 = {
						CreatedOnToolsVersion = 11.2;
					};
				};
			};
			buildConfigurationList = 7279EF7B236EC61D005ECC81 /* Build configuration list for PBXProject "Morningbees-iOS" */;
			compatibilityVersion = "Xcode 9.3";
			developmentRegion = en;
			hasScannedForEncodings = 0;
			knownRegions = (
				en,
				Base,
			);
			mainGroup = 7279EF77236EC61D005ECC81;
			productRefGroup = 7279EF81236EC61D005ECC81 /* Products */;
			projectDirPath = "";
			projectRoot = "";
			targets = (
				7279EF7F236EC61D005ECC81 /* Morningbees-iOS */,
			);
		};
/* End PBXProject section */

/* Begin PBXResourcesBuildPhase section */
		7279EF7E236EC61D005ECC81 /* Resources */ = {
			isa = PBXResourcesBuildPhase;
			buildActionMask = 2147483647;
			files = (
				7279EF90236EC623005ECC81 /* LaunchScreen.storyboard in Resources */,
				7279EF8D236EC623005ECC81 /* Assets.xcassets in Resources */,
				7279EF8B236EC61D005ECC81 /* Main.storyboard in Resources */,
			);
			runOnlyForDeploymentPostprocessing = 0;
		};
/* End PBXResourcesBuildPhase section */

/* Begin PBXSourcesBuildPhase section */
		7279EF7C236EC61D005ECC81 /* Sources */ = {
			isa = PBXSourcesBuildPhase;
			buildActionMask = 2147483647;
			files = (
				7279EF88236EC61D005ECC81 /* ViewController.swift in Sources */,
				7279EF84236EC61D005ECC81 /* AppDelegate.swift in Sources */,
				7279EF86236EC61D005ECC81 /* SceneDelegate.swift in Sources */,
			);
			runOnlyForDeploymentPostprocessing = 0;
		};
/* End PBXSourcesBuildPhase section */

/* Begin PBXVariantGroup section */
		7279EF89236EC61D005ECC81 /* Main.storyboard */ = {
			isa = PBXVariantGroup;
			children = (
				7279EF8A236EC61D005ECC81 /* Base */,
			);
			name = Main.storyboard;
			sourceTree = "<group>";
		};
		7279EF8E236EC623005ECC81 /* LaunchScreen.storyboard */ = {
			isa = PBXVariantGroup;
			children = (
				7279EF8F236EC623005ECC81 /* Base */,
			);
			name = LaunchScreen.storyboard;
			sourceTree = "<group>";
		};
/* End PBXVariantGroup section */

/* Begin XCBuildConfiguration section */
		7279EF92236EC623005ECC81 /* Debug */ = {
			isa = XCBuildConfiguration;
			buildSettings = {
				ALWAYS_SEARCH_USER_PATHS = NO;
				CLANG_ANALYZER_NONNULL = YES;
				CLANG_ANALYZER_NUMBER_OBJECT_CONVERSION = YES_AGGRESSIVE;
				CLANG_CXX_LANGUAGE_STANDARD = "gnu++14";
				CLANG_CXX_LIBRARY = "libc++";
				CLANG_ENABLE_MODULES = YES;
				CLANG_ENABLE_OBJC_ARC = YES;
				CLANG_ENABLE_OBJC_WEAK = YES;
				CLANG_WARN_BLOCK_CAPTURE_AUTORELEASING = YES;
				CLANG_WARN_BOOL_CONVERSION = YES;
				CLANG_WARN_COMMA = YES;
				CLANG_WARN_CONSTANT_CONVERSION = YES;
				CLANG_WARN_DEPRECATED_OBJC_IMPLEMENTATIONS = YES;
				CLANG_WARN_DIRECT_OBJC_ISA_USAGE = YES_ERROR;
				CLANG_WARN_DOCUMENTATION_COMMENTS = YES;
				CLANG_WARN_EMPTY_BODY = YES;
				CLANG_WARN_ENUM_CONVERSION = YES;
				CLANG_WARN_INFINITE_RECURSION = YES;
				CLANG_WARN_INT_CONVERSION = YES;
				CLANG_WARN_NON_LITERAL_NULL_CONVERSION = YES;
				CLANG_WARN_OBJC_IMPLICIT_RETAIN_SELF = YES;
				CLANG_WARN_OBJC_LITERAL_CONVERSION = YES;
				CLANG_WARN_OBJC_ROOT_CLASS = YES_ERROR;
				CLANG_WARN_RANGE_LOOP_ANALYSIS = YES;
				CLANG_WARN_STRICT_PROTOTYPES = YES;
				CLANG_WARN_SUSPICIOUS_MOVE = YES;
				CLANG_WARN_UNGUARDED_AVAILABILITY = YES_AGGRESSIVE;
				CLANG_WARN_UNREACHABLE_CODE = YES;
				CLANG_WARN__DUPLICATE_METHOD_MATCH = YES;
				COPY_PHASE_STRIP = NO;
				DEBUG_INFORMATION_FORMAT = dwarf;
				ENABLE_STRICT_OBJC_MSGSEND = YES;
				ENABLE_TESTABILITY = YES;
				GCC_C_LANGUAGE_STANDARD = gnu11;
				GCC_DYNAMIC_NO_PIC = NO;
				GCC_NO_COMMON_BLOCKS = YES;
				GCC_OPTIMIZATION_LEVEL = 0;
				GCC_PREPROCESSOR_DEFINITIONS = (
					"DEBUG=1",
					"$(inherited)",
				);
				GCC_WARN_64_TO_32_BIT_CONVERSION = YES;
				GCC_WARN_ABOUT_RETURN_TYPE = YES_ERROR;
				GCC_WARN_UNDECLARED_SELECTOR = YES;
				GCC_WARN_UNINITIALIZED_AUTOS = YES_AGGRESSIVE;
				GCC_WARN_UNUSED_FUNCTION = YES;
				GCC_WARN_UNUSED_VARIABLE = YES;
				IPHONEOS_DEPLOYMENT_TARGET = 13.0;
				MTL_ENABLE_DEBUG_INFO = INCLUDE_SOURCE;
				MTL_FAST_MATH = YES;
				ONLY_ACTIVE_ARCH = YES;
				SDKROOT = iphoneos;
				SWIFT_ACTIVE_COMPILATION_CONDITIONS = DEBUG;
				SWIFT_OPTIMIZATION_LEVEL = "-Onone";
			};
			name = Debug;
		};
		7279EF93236EC623005ECC81 /* Release */ = {
			isa = XCBuildConfiguration;
			buildSettings = {
				ALWAYS_SEARCH_USER_PATHS = NO;
				CLANG_ANALYZER_NONNULL = YES;
				CLANG_ANALYZER_NUMBER_OBJECT_CONVERSION = YES_AGGRESSIVE;
				CLANG_CXX_LANGUAGE_STANDARD = "gnu++14";
				CLANG_CXX_LIBRARY = "libc++";
				CLANG_ENABLE_MODULES = YES;
				CLANG_ENABLE_OBJC_ARC = YES;
				CLANG_ENABLE_OBJC_WEAK = YES;
				CLANG_WARN_BLOCK_CAPTURE_AUTORELEASING = YES;
				CLANG_WARN_BOOL_CONVERSION = YES;
				CLANG_WARN_COMMA = YES;
				CLANG_WARN_CONSTANT_CONVERSION = YES;
				CLANG_WARN_DEPRECATED_OBJC_IMPLEMENTATIONS = YES;
				CLANG_WARN_DIRECT_OBJC_ISA_USAGE = YES_ERROR;
				CLANG_WARN_DOCUMENTATION_COMMENTS = YES;
				CLANG_WARN_EMPTY_BODY = YES;
				CLANG_WARN_ENUM_CONVERSION = YES;
				CLANG_WARN_INFINITE_RECURSION = YES;
				CLANG_WARN_INT_CONVERSION = YES;
				CLANG_WARN_NON_LITERAL_NULL_CONVERSION = YES;
				CLANG_WARN_OBJC_IMPLICIT_RETAIN_SELF = YES;
				CLANG_WARN_OBJC_LITERAL_CONVERSION = YES;
				CLANG_WARN_OBJC_ROOT_CLASS = YES_ERROR;
				CLANG_WARN_RANGE_LOOP_ANALYSIS = YES;
				CLANG_WARN_STRICT_PROTOTYPES = YES;
				CLANG_WARN_SUSPICIOUS_MOVE = YES;
				CLANG_WARN_UNGUARDED_AVAILABILITY = YES_AGGRESSIVE;
				CLANG_WARN_UNREACHABLE_CODE = YES;
				CLANG_WARN__DUPLICATE_METHOD_MATCH = YES;
				COPY_PHASE_STRIP = NO;
				DEBUG_INFORMATION_FORMAT = "dwarf-with-dsym";
				ENABLE_NS_ASSERTIONS = NO;
				ENABLE_STRICT_OBJC_MSGSEND = YES;
				GCC_C_LANGUAGE_STANDARD = gnu11;
				GCC_NO_COMMON_BLOCKS = YES;
				GCC_WARN_64_TO_32_BIT_CONVERSION = YES;
				GCC_WARN_ABOUT_RETURN_TYPE = YES_ERROR;
				GCC_WARN_UNDECLARED_SELECTOR = YES;
				GCC_WARN_UNINITIALIZED_AUTOS = YES_AGGRESSIVE;
				GCC_WARN_UNUSED_FUNCTION = YES;
				GCC_WARN_UNUSED_VARIABLE = YES;
				IPHONEOS_DEPLOYMENT_TARGET = 13.0;
				MTL_ENABLE_DEBUG_INFO = NO;
				MTL_FAST_MATH = YES;
				SDKROOT = iphoneos;
				SWIFT_COMPILATION_MODE = wholemodule;
				SWIFT_OPTIMIZATION_LEVEL = "-O";
				VALIDATE_PRODUCT = YES;
			};
			name = Release;
		};
		7279EF95236EC623005ECC81 /* Debug */ = {
			isa = XCBuildConfiguration;
			buildSettings = {
				ASSETCATALOG_COMPILER_APPICON_NAME = AppIcon;
				CODE_SIGN_STYLE = Automatic;
				DEVELOPMENT_TEAM = 836DYQVDP8;
				INFOPLIST_FILE = "Morningbees-iOS/Info.plist";
				LD_RUNPATH_SEARCH_PATHS = (
					"$(inherited)",
					"@executable_path/Frameworks",
				);
				PRODUCT_BUNDLE_IDENTIFIER = "com.leejun.Morningbees-iOS";
				PRODUCT_NAME = "$(TARGET_NAME)";
				SWIFT_VERSION = 5.0;
				TARGETED_DEVICE_FAMILY = 1;
			};
			name = Debug;
		};
		7279EF96236EC623005ECC81 /* Release */ = {
			isa = XCBuildConfiguration;
			buildSettings = {
				ASSETCATALOG_COMPILER_APPICON_NAME = AppIcon;
				CODE_SIGN_STYLE = Automatic;
				DEVELOPMENT_TEAM = 836DYQVDP8;
				INFOPLIST_FILE = "Morningbees-iOS/Info.plist";
				LD_RUNPATH_SEARCH_PATHS = (
					"$(inherited)",
					"@executable_path/Frameworks",
				);
				PRODUCT_BUNDLE_IDENTIFIER = "com.leejun.Morningbees-iOS";
				PRODUCT_NAME = "$(TARGET_NAME)";
				SWIFT_VERSION = 5.0;
				TARGETED_DEVICE_FAMILY = 1;
			};
			name = Release;
		};
/* End XCBuildConfiguration section */

/* Begin XCConfigurationList section */
		7279EF7B236EC61D005ECC81 /* Build configuration list for PBXProject "Morningbees-iOS" */ = {
			isa = XCConfigurationList;
			buildConfigurations = (
				7279EF92236EC623005ECC81 /* Debug */,
				7279EF93236EC623005ECC81 /* Release */,
			);
			defaultConfigurationIsVisible = 0;
			defaultConfigurationName = Release;
		};
		7279EF94236EC623005ECC81 /* Build configuration list for PBXNativeTarget "Morningbees-iOS" */ = {
			isa = XCConfigurationList;
			buildConfigurations = (
				7279EF95236EC623005ECC81 /* Debug */,
				7279EF96236EC623005ECC81 /* Release */,
			);
			defaultConfigurationIsVisible = 0;
			defaultConfigurationName = Release;
		};
/* End XCConfigurationList section */
	};
	rootObject = 7279EF78236EC61D005ECC81 /* Project object */;
}
