// !$*UTF8*$!
{
	archiveVersion = 1;
	classes = {
	};
	objectVersion = 54;
	objects = {

/* Begin PBXBuildFile section */
		3D76C869E300031B61952D68 /* Pods_Morningbees_iOS.framework in Frameworks */ = {isa = PBXBuildFile; fileRef = 130FCFE820D2D5D7AA26E337 /* Pods_Morningbees_iOS.framework */; };
		7254BF4923A66AA10036D24D /* .swiftlint.yml in Resources */ = {isa = PBXBuildFile; fileRef = 7254BF4823A66AA10036D24D /* .swiftlint.yml */; };
		7254BF4B23A913940036D24D /* Logger.swift in Sources */ = {isa = PBXBuildFile; fileRef = 7254BF4A23A913940036D24D /* Logger.swift */; };
		7254BF4F23B658C00036D24D /* UIViewController+Extension.swift in Sources */ = {isa = PBXBuildFile; fileRef = 7254BF4E23B658C00036D24D /* UIViewController+Extension.swift */; };
		7279EF84236EC61D005ECC81 /* AppDelegate.swift in Sources */ = {isa = PBXBuildFile; fileRef = 7279EF83236EC61D005ECC81 /* AppDelegate.swift */; };
		7279EF86236EC61D005ECC81 /* SceneDelegate.swift in Sources */ = {isa = PBXBuildFile; fileRef = 7279EF85236EC61D005ECC81 /* SceneDelegate.swift */; };
		7279EF88236EC61D005ECC81 /* SignInViewController.swift in Sources */ = {isa = PBXBuildFile; fileRef = 7279EF87236EC61D005ECC81 /* SignInViewController.swift */; };
		7279EF8B236EC61D005ECC81 /* Main.storyboard in Resources */ = {isa = PBXBuildFile; fileRef = 7279EF89236EC61D005ECC81 /* Main.storyboard */; };
		7279EF8D236EC623005ECC81 /* Assets.xcassets in Resources */ = {isa = PBXBuildFile; fileRef = 7279EF8C236EC623005ECC81 /* Assets.xcassets */; };
		7279EF90236EC623005ECC81 /* LaunchScreen.storyboard in Resources */ = {isa = PBXBuildFile; fileRef = 7279EF8E236EC623005ECC81 /* LaunchScreen.storyboard */; };
		B00115EF2387DAD9003A5E83 /* SignUpViewController.swift in Sources */ = {isa = PBXBuildFile; fileRef = B00115EE2387DAD9003A5E83 /* SignUpViewController.swift */; };
		B020492423D73E2F00B41003 /* SignIn.swift in Sources */ = {isa = PBXBuildFile; fileRef = B020492323D73E2F00B41003 /* SignIn.swift */; };
		B0449EAB23B5D41E0079D816 /* VaildNickname.swift in Sources */ = {isa = PBXBuildFile; fileRef = B0449EAA23B5D41E0079D816 /* VaildNickname.swift */; };
		B0747AAC23AA642C00100858 /* NetworkRequest.swift in Sources */ = {isa = PBXBuildFile; fileRef = B0747AAB23AA642C00100858 /* NetworkRequest.swift */; };
		B08EB50E23BB124300FE411F /* ServerError.swift in Sources */ = {isa = PBXBuildFile; fileRef = B08EB50D23BB124300FE411F /* ServerError.swift */; };
		B0B3CDBA23FA42BF00CF4200 /* KeychainService.swift in Sources */ = {isa = PBXBuildFile; fileRef = B0B3CDB923FA42BF00CF4200 /* KeychainService.swift */; };
		B0CC67AD23C9958C0083A012 /* CustomAlert.swift in Sources */ = {isa = PBXBuildFile; fileRef = B0CC67AC23C9958C0083A012 /* CustomAlert.swift */; };
		B0CC882C23F6A33500B3131E /* SignUp.swift in Sources */ = {isa = PBXBuildFile; fileRef = B0CC882B23F6A33500B3131E /* SignUp.swift */; };
		B0CC882F23F81B8700B3131E /* KeychainItems.swift in Sources */ = {isa = PBXBuildFile; fileRef = B0CC882E23F81B8700B3131E /* KeychainItems.swift */; };
		B0CC883323F827DD00B3131E /* BeeMainViewController.swift in Sources */ = {isa = PBXBuildFile; fileRef = B0CC883223F827DD00B3131E /* BeeMainViewController.swift */; };
		CE432C212390098F0005F257 /* UIApplication+Extension.swift in Sources */ = {isa = PBXBuildFile; fileRef = CE432C202390098F0005F257 /* UIApplication+Extension.swift */; };
		D50C18EC24F3D1DC008155F3 /* GoogleService-Info.plist in Resources */ = {isa = PBXBuildFile; fileRef = D50C18EB24F3D1DB008155F3 /* GoogleService-Info.plist */; };
		D50C18F224F6580C008155F3 /* InvitedViewController.swift in Sources */ = {isa = PBXBuildFile; fileRef = D50C18F124F6580C008155F3 /* InvitedViewController.swift */; };
		D50C18F424F65D48008155F3 /* MemberViewController.swift in Sources */ = {isa = PBXBuildFile; fileRef = D50C18F324F65D48008155F3 /* MemberViewController.swift */; };
		D50C18F624F69330008155F3 /* Invite.swift in Sources */ = {isa = PBXBuildFile; fileRef = D50C18F524F69330008155F3 /* Invite.swift */; };
		D51951B72434D52900A61CA3 /* Me.swift in Sources */ = {isa = PBXBuildFile; fileRef = D51951B62434D52900A61CA3 /* Me.swift */; };
		D51951B92434D69100A61CA3 /* BeforeJoinViewController.swift in Sources */ = {isa = PBXBuildFile; fileRef = D51951B82434D69100A61CA3 /* BeforeJoinViewController.swift */; };
		D526E526244886A500892387 /* CreateBee.swift in Sources */ = {isa = PBXBuildFile; fileRef = D526E525244886A500892387 /* CreateBee.swift */; };
		D527AE8324DD691000849EDB /* CalendarViewController.swift in Sources */ = {isa = PBXBuildFile; fileRef = D527AE8224DD691000849EDB /* CalendarViewController.swift */; };
		D5337C1424445C6700D7A079 /* BeeCreateNameViewController.swift in Sources */ = {isa = PBXBuildFile; fileRef = D5337C1324445C6700D7A079 /* BeeCreateNameViewController.swift */; };
		D5337C16244469B100D7A079 /* BeeCreateTimeViewController.swift in Sources */ = {isa = PBXBuildFile; fileRef = D5337C15244469B100D7A079 /* BeeCreateTimeViewController.swift */; };
		D5337C18244469E300D7A079 /* BeeCreateJellyViewController.swift in Sources */ = {isa = PBXBuildFile; fileRef = D5337C17244469E300D7A079 /* BeeCreateJellyViewController.swift */; };
		D5580D672408269F008F16F5 /* SFProDisplay-Black.ttf in Resources */ = {isa = PBXBuildFile; fileRef = D5580D642408269F008F16F5 /* SFProDisplay-Black.ttf */; };
		D5580D682408269F008F16F5 /* NanumBarunGothicBold.ttf in Resources */ = {isa = PBXBuildFile; fileRef = D5580D652408269F008F16F5 /* NanumBarunGothicBold.ttf */; };
		D5580D692408269F008F16F5 /* Roboto-Medium.ttf in Resources */ = {isa = PBXBuildFile; fileRef = D5580D662408269F008F16F5 /* Roboto-Medium.ttf */; };
		D5580D6B240960BC008F16F5 /* AppleSDGothicNeo.ttc in Resources */ = {isa = PBXBuildFile; fileRef = D5580D6A240960BC008F16F5 /* AppleSDGothicNeo.ttc */; };
		D57B830C2405A761001DB1FF /* ViewDesign.swift in Sources */ = {isa = PBXBuildFile; fileRef = D57B830B2405A761001DB1FF /* ViewDesign.swift */; };
		D5AEB5B424654EC80084831E /* BeeInfo.swift in Sources */ = {isa = PBXBuildFile; fileRef = D5AEB5B324654EC80084831E /* BeeInfo.swift */; };
		D5AEB5B92465D63A0084831E /* MissionCreateViewController.swift in Sources */ = {isa = PBXBuildFile; fileRef = D5AEB5B82465D63A0084831E /* MissionCreateViewController.swift */; };
		D5B2D1FE244326C7001C2466 /* NavigationControl.swift in Sources */ = {isa = PBXBuildFile; fileRef = D5B2D1FD244326C7001C2466 /* NavigationControl.swift */; };
		D5B2D20024437807001C2466 /* NetworkItem.swift in Sources */ = {isa = PBXBuildFile; fileRef = D5B2D1FF24437807001C2466 /* NetworkItem.swift */; };
		D5D3DA2A2427623500EFB04B /* RenewalRequest.swift in Sources */ = {isa = PBXBuildFile; fileRef = D5D3DA292427623500EFB04B /* RenewalRequest.swift */; };
		D5D3DA2C2427644800EFB04B /* Renewal.swift in Sources */ = {isa = PBXBuildFile; fileRef = D5D3DA2B2427644800EFB04B /* Renewal.swift */; };
		D5D9919C2438C7BE00BEFEE8 /* MeRequest.swift in Sources */ = {isa = PBXBuildFile; fileRef = D5D9919B2438C7BE00BEFEE8 /* MeRequest.swift */; };
		D5E50AB9246EB8AA003E8AB7 /* MissionCreate.swift in Sources */ = {isa = PBXBuildFile; fileRef = D5E50AB8246EB8AA003E8AB7 /* MissionCreate.swift */; };
/* End PBXBuildFile section */

/* Begin PBXFileReference section */
		130FCFE820D2D5D7AA26E337 /* Pods_Morningbees_iOS.framework */ = {isa = PBXFileReference; explicitFileType = wrapper.framework; includeInIndex = 0; path = Pods_Morningbees_iOS.framework; sourceTree = BUILT_PRODUCTS_DIR; };
		4A120E772A1AA14D7C6C9724 /* Pods-Morningbees-iOS.debug.xcconfig */ = {isa = PBXFileReference; includeInIndex = 1; lastKnownFileType = text.xcconfig; name = "Pods-Morningbees-iOS.debug.xcconfig"; path = "Target Support Files/Pods-Morningbees-iOS/Pods-Morningbees-iOS.debug.xcconfig"; sourceTree = "<group>"; };
		7254BF4823A66AA10036D24D /* .swiftlint.yml */ = {isa = PBXFileReference; lastKnownFileType = text.yaml; path = .swiftlint.yml; sourceTree = "<group>"; };
		7254BF4A23A913940036D24D /* Logger.swift */ = {isa = PBXFileReference; lastKnownFileType = sourcecode.swift; path = Logger.swift; sourceTree = "<group>"; };
		7254BF4E23B658C00036D24D /* UIViewController+Extension.swift */ = {isa = PBXFileReference; lastKnownFileType = sourcecode.swift; path = "UIViewController+Extension.swift"; sourceTree = "<group>"; };
		7279EF80236EC61D005ECC81 /* Morningbees.app */ = {isa = PBXFileReference; explicitFileType = wrapper.application; includeInIndex = 0; path = Morningbees.app; sourceTree = BUILT_PRODUCTS_DIR; };
		7279EF83236EC61D005ECC81 /* AppDelegate.swift */ = {isa = PBXFileReference; lastKnownFileType = sourcecode.swift; path = AppDelegate.swift; sourceTree = "<group>"; };
		7279EF85236EC61D005ECC81 /* SceneDelegate.swift */ = {isa = PBXFileReference; lastKnownFileType = sourcecode.swift; path = SceneDelegate.swift; sourceTree = "<group>"; };
		7279EF87236EC61D005ECC81 /* SignInViewController.swift */ = {isa = PBXFileReference; lastKnownFileType = sourcecode.swift; path = SignInViewController.swift; sourceTree = "<group>"; };
		7279EF8A236EC61D005ECC81 /* Base */ = {isa = PBXFileReference; lastKnownFileType = file.storyboard; name = Base; path = Base.lproj/Main.storyboard; sourceTree = "<group>"; };
		7279EF8C236EC623005ECC81 /* Assets.xcassets */ = {isa = PBXFileReference; lastKnownFileType = folder.assetcatalog; path = Assets.xcassets; sourceTree = "<group>"; };
		7279EF8F236EC623005ECC81 /* Base */ = {isa = PBXFileReference; lastKnownFileType = file.storyboard; name = Base; path = Base.lproj/LaunchScreen.storyboard; sourceTree = "<group>"; };
		7279EF91236EC623005ECC81 /* Info.plist */ = {isa = PBXFileReference; lastKnownFileType = text.plist.xml; path = Info.plist; sourceTree = "<group>"; };
		B00115EE2387DAD9003A5E83 /* SignUpViewController.swift */ = {isa = PBXFileReference; lastKnownFileType = sourcecode.swift; path = SignUpViewController.swift; sourceTree = "<group>"; };
		B020492323D73E2F00B41003 /* SignIn.swift */ = {isa = PBXFileReference; lastKnownFileType = sourcecode.swift; path = SignIn.swift; sourceTree = "<group>"; };
		B0449EAA23B5D41E0079D816 /* VaildNickname.swift */ = {isa = PBXFileReference; lastKnownFileType = sourcecode.swift; path = VaildNickname.swift; sourceTree = "<group>"; };
		B0747AAB23AA642C00100858 /* NetworkRequest.swift */ = {isa = PBXFileReference; lastKnownFileType = sourcecode.swift; path = NetworkRequest.swift; sourceTree = "<group>"; };
		B08EB50D23BB124300FE411F /* ServerError.swift */ = {isa = PBXFileReference; lastKnownFileType = sourcecode.swift; path = ServerError.swift; sourceTree = "<group>"; };
		B0B3CDB923FA42BF00CF4200 /* KeychainService.swift */ = {isa = PBXFileReference; lastKnownFileType = sourcecode.swift; path = KeychainService.swift; sourceTree = "<group>"; };
		B0CC67AC23C9958C0083A012 /* CustomAlert.swift */ = {isa = PBXFileReference; lastKnownFileType = sourcecode.swift; path = CustomAlert.swift; sourceTree = "<group>"; };
		B0CC882B23F6A33500B3131E /* SignUp.swift */ = {isa = PBXFileReference; lastKnownFileType = sourcecode.swift; path = SignUp.swift; sourceTree = "<group>"; };
		B0CC882E23F81B8700B3131E /* KeychainItems.swift */ = {isa = PBXFileReference; lastKnownFileType = sourcecode.swift; path = KeychainItems.swift; sourceTree = "<group>"; };
		B0CC883223F827DD00B3131E /* BeeMainViewController.swift */ = {isa = PBXFileReference; lastKnownFileType = sourcecode.swift; path = BeeMainViewController.swift; sourceTree = "<group>"; };
		C0ED24CC52894DF6E5EDDDA1 /* Pods-Morningbees-iOS.release.xcconfig */ = {isa = PBXFileReference; includeInIndex = 1; lastKnownFileType = text.xcconfig; name = "Pods-Morningbees-iOS.release.xcconfig"; path = "Target Support Files/Pods-Morningbees-iOS/Pods-Morningbees-iOS.release.xcconfig"; sourceTree = "<group>"; };
		CE432C202390098F0005F257 /* UIApplication+Extension.swift */ = {isa = PBXFileReference; lastKnownFileType = sourcecode.swift; path = "UIApplication+Extension.swift"; sourceTree = "<group>"; };
		D50C18EB24F3D1DB008155F3 /* GoogleService-Info.plist */ = {isa = PBXFileReference; fileEncoding = 4; lastKnownFileType = text.plist.xml; path = "GoogleService-Info.plist"; sourceTree = "<group>"; };
		D50C18F124F6580C008155F3 /* InvitedViewController.swift */ = {isa = PBXFileReference; lastKnownFileType = sourcecode.swift; path = InvitedViewController.swift; sourceTree = "<group>"; };
		D50C18F324F65D48008155F3 /* MemberViewController.swift */ = {isa = PBXFileReference; lastKnownFileType = sourcecode.swift; path = MemberViewController.swift; sourceTree = "<group>"; };
		D50C18F524F69330008155F3 /* Invite.swift */ = {isa = PBXFileReference; lastKnownFileType = sourcecode.swift; path = Invite.swift; sourceTree = "<group>"; };
		D51951B62434D52900A61CA3 /* Me.swift */ = {isa = PBXFileReference; lastKnownFileType = sourcecode.swift; path = Me.swift; sourceTree = "<group>"; };
		D51951B82434D69100A61CA3 /* BeforeJoinViewController.swift */ = {isa = PBXFileReference; lastKnownFileType = sourcecode.swift; path = BeforeJoinViewController.swift; sourceTree = "<group>"; };
		D526E525244886A500892387 /* CreateBee.swift */ = {isa = PBXFileReference; lastKnownFileType = sourcecode.swift; path = CreateBee.swift; sourceTree = "<group>"; };
		D527AE8224DD691000849EDB /* CalendarViewController.swift */ = {isa = PBXFileReference; lastKnownFileType = sourcecode.swift; path = CalendarViewController.swift; sourceTree = "<group>"; };
		D5337C1324445C6700D7A079 /* BeeCreateNameViewController.swift */ = {isa = PBXFileReference; lastKnownFileType = sourcecode.swift; path = BeeCreateNameViewController.swift; sourceTree = "<group>"; };
		D5337C15244469B100D7A079 /* BeeCreateTimeViewController.swift */ = {isa = PBXFileReference; lastKnownFileType = sourcecode.swift; path = BeeCreateTimeViewController.swift; sourceTree = "<group>"; };
		D5337C17244469E300D7A079 /* BeeCreateJellyViewController.swift */ = {isa = PBXFileReference; lastKnownFileType = sourcecode.swift; path = BeeCreateJellyViewController.swift; sourceTree = "<group>"; };
		D5580D642408269F008F16F5 /* SFProDisplay-Black.ttf */ = {isa = PBXFileReference; lastKnownFileType = file; path = "SFProDisplay-Black.ttf"; sourceTree = "<group>"; };
		D5580D652408269F008F16F5 /* NanumBarunGothicBold.ttf */ = {isa = PBXFileReference; lastKnownFileType = file; path = NanumBarunGothicBold.ttf; sourceTree = "<group>"; };
		D5580D662408269F008F16F5 /* Roboto-Medium.ttf */ = {isa = PBXFileReference; lastKnownFileType = file; path = "Roboto-Medium.ttf"; sourceTree = "<group>"; };
		D5580D6A240960BC008F16F5 /* AppleSDGothicNeo.ttc */ = {isa = PBXFileReference; lastKnownFileType = file; path = AppleSDGothicNeo.ttc; sourceTree = "<group>"; };
		D57B830B2405A761001DB1FF /* ViewDesign.swift */ = {isa = PBXFileReference; lastKnownFileType = sourcecode.swift; path = ViewDesign.swift; sourceTree = "<group>"; };
		D5AEB5B324654EC80084831E /* BeeInfo.swift */ = {isa = PBXFileReference; lastKnownFileType = sourcecode.swift; path = BeeInfo.swift; sourceTree = "<group>"; };
		D5AEB5B82465D63A0084831E /* MissionCreateViewController.swift */ = {isa = PBXFileReference; lastKnownFileType = sourcecode.swift; path = MissionCreateViewController.swift; sourceTree = "<group>"; };
		D5B2D1FD244326C7001C2466 /* NavigationControl.swift */ = {isa = PBXFileReference; lastKnownFileType = sourcecode.swift; path = NavigationControl.swift; sourceTree = "<group>"; };
		D5B2D1FF24437807001C2466 /* NetworkItem.swift */ = {isa = PBXFileReference; lastKnownFileType = sourcecode.swift; path = NetworkItem.swift; sourceTree = "<group>"; };
		D5D3DA292427623500EFB04B /* RenewalRequest.swift */ = {isa = PBXFileReference; lastKnownFileType = sourcecode.swift; path = RenewalRequest.swift; sourceTree = "<group>"; };
		D5D3DA2B2427644800EFB04B /* Renewal.swift */ = {isa = PBXFileReference; lastKnownFileType = sourcecode.swift; path = Renewal.swift; sourceTree = "<group>"; };
		D5D5BC8623FE6B6000F59DA0 /* Morningbees.entitlements */ = {isa = PBXFileReference; lastKnownFileType = text.plist.entitlements; path = Morningbees.entitlements; sourceTree = "<group>"; };
		D5D9919B2438C7BE00BEFEE8 /* MeRequest.swift */ = {isa = PBXFileReference; lastKnownFileType = sourcecode.swift; path = MeRequest.swift; sourceTree = "<group>"; };
		D5E50AB8246EB8AA003E8AB7 /* MissionCreate.swift */ = {isa = PBXFileReference; lastKnownFileType = sourcecode.swift; path = MissionCreate.swift; sourceTree = "<group>"; };
/* End PBXFileReference section */

/* Begin PBXFrameworksBuildPhase section */
		7279EF7D236EC61D005ECC81 /* Frameworks */ = {
			isa = PBXFrameworksBuildPhase;
			buildActionMask = 2147483647;
			files = (
				3D76C869E300031B61952D68 /* Pods_Morningbees_iOS.framework in Frameworks */,
			);
			runOnlyForDeploymentPostprocessing = 0;
		};
/* End PBXFrameworksBuildPhase section */

/* Begin PBXGroup section */
		0A7E79114FB64218C0D90A1E /* Pods */ = {
			isa = PBXGroup;
			children = (
				4A120E772A1AA14D7C6C9724 /* Pods-Morningbees-iOS.debug.xcconfig */,
				C0ED24CC52894DF6E5EDDDA1 /* Pods-Morningbees-iOS.release.xcconfig */,
			);
			path = Pods;
			sourceTree = "<group>";
		};
		7279EF77236EC61D005ECC81 = {
			isa = PBXGroup;
			children = (
				D50C18EB24F3D1DB008155F3 /* GoogleService-Info.plist */,
				7254BF4823A66AA10036D24D /* .swiftlint.yml */,
				7279EF82236EC61D005ECC81 /* Morningbees-iOS */,
				7279EF81236EC61D005ECC81 /* Products */,
				0A7E79114FB64218C0D90A1E /* Pods */,
				76538B8795EFF67D124CEB86 /* Frameworks */,
			);
			sourceTree = "<group>";
		};
		7279EF81236EC61D005ECC81 /* Products */ = {
			isa = PBXGroup;
			children = (
				7279EF80236EC61D005ECC81 /* Morningbees.app */,
			);
			name = Products;
			sourceTree = "<group>";
		};
		7279EF82236EC61D005ECC81 /* Morningbees-iOS */ = {
			isa = PBXGroup;
			children = (
				D5D5BC8623FE6B6000F59DA0 /* Morningbees.entitlements */,
				D5337C1124445C3800D7A079 /* BeeCreate */,
				CE432C1F239009200005F257 /* Common */,
				D527AE7724DC5ABB00849EDB /* Calendar */,
				D57B830A2405A747001DB1FF /* Design */,
				CE432C2323900E170005F257 /* Extension */,
				D5580D6324082684008F16F5 /* Fonts */,
				D50C18EF24F657D7008155F3 /* Invite */,
				B0CC882D23F81B6C00B3131E /* Keychain */,
				B0CC883023F8279200B3131E /* Main */,
				D5AEB5B52465D5FF0084831E /* MissionCreate */,
				D5B2D1FA244324FE001C2466 /* NavigationControl */,
				B0747AAA23AA63CF00100858 /* Network */,
				CE432C2223900DFE0005F257 /* SignIn */,
				7279EF8C236EC623005ECC81 /* Assets.xcassets */,
				7279EF89236EC61D005ECC81 /* Main.storyboard */,
				7279EF8E236EC623005ECC81 /* LaunchScreen.storyboard */,
				7279EF91236EC623005ECC81 /* Info.plist */,
			);
			path = "Morningbees-iOS";
			sourceTree = "<group>";
		};
		76538B8795EFF67D124CEB86 /* Frameworks */ = {
			isa = PBXGroup;
			children = (
				130FCFE820D2D5D7AA26E337 /* Pods_Morningbees_iOS.framework */,
			);
			name = Frameworks;
			sourceTree = "<group>";
		};
		B0449EA923B5D3C00079D816 /* Model */ = {
			isa = PBXGroup;
			children = (
				D51951B62434D52900A61CA3 /* Me.swift */,
				B08EB50D23BB124300FE411F /* ServerError.swift */,
				D5D3DA2B2427644800EFB04B /* Renewal.swift */,
			);
			path = Model;
			sourceTree = "<group>";
		};
		B0747AAA23AA63CF00100858 /* Network */ = {
			isa = PBXGroup;
			children = (
				D5AEB5B124654B290084831E /* Requset */,
				B0449EA923B5D3C00079D816 /* Model */,
				D5B2D1FF24437807001C2466 /* NetworkItem.swift */,
			);
			path = Network;
			sourceTree = "<group>";
		};
		B078DFCE2389835700B31DBB /* ViewController */ = {
			isa = PBXGroup;
			children = (
				7279EF87236EC61D005ECC81 /* SignInViewController.swift */,
				B00115EE2387DAD9003A5E83 /* SignUpViewController.swift */,
			);
			path = ViewController;
			sourceTree = "<group>";
		};
		B0CC882D23F81B6C00B3131E /* Keychain */ = {
			isa = PBXGroup;
			children = (
				B0CC882E23F81B8700B3131E /* KeychainItems.swift */,
				B0B3CDB923FA42BF00CF4200 /* KeychainService.swift */,
			);
			path = Keychain;
			sourceTree = "<group>";
		};
		B0CC883023F8279200B3131E /* Main */ = {
			isa = PBXGroup;
			children = (
				D5AEB5B224654D500084831E /* Model */,
				B0CC883123F827A600B3131E /* ViewController */,
			);
			path = Main;
			sourceTree = "<group>";
		};
		B0CC883123F827A600B3131E /* ViewController */ = {
			isa = PBXGroup;
			children = (
				B0CC883223F827DD00B3131E /* BeeMainViewController.swift */,
				D51951B82434D69100A61CA3 /* BeforeJoinViewController.swift */,
				D50C18F324F65D48008155F3 /* MemberViewController.swift */,
			);
			path = ViewController;
			sourceTree = "<group>";
		};
		CE432C1F239009200005F257 /* Common */ = {
			isa = PBXGroup;
			children = (
				7279EF83236EC61D005ECC81 /* AppDelegate.swift */,
				7279EF85236EC61D005ECC81 /* SceneDelegate.swift */,
				7254BF4A23A913940036D24D /* Logger.swift */,
				B0CC67AC23C9958C0083A012 /* CustomAlert.swift */,
			);
			path = Common;
			sourceTree = "<group>";
		};
		CE432C2223900DFE0005F257 /* SignIn */ = {
			isa = PBXGroup;
			children = (
				D5AEB5AF246547980084831E /* Model */,
				B078DFCE2389835700B31DBB /* ViewController */,
			);
			path = SignIn;
			sourceTree = "<group>";
		};
		CE432C2323900E170005F257 /* Extension */ = {
			isa = PBXGroup;
			children = (
				CE432C202390098F0005F257 /* UIApplication+Extension.swift */,
				7254BF4E23B658C00036D24D /* UIViewController+Extension.swift */,
			);
			path = Extension;
			sourceTree = "<group>";
		};
		D50C18EF24F657D7008155F3 /* Invite */ = {
			isa = PBXGroup;
			children = (
				D50C18F024F657ED008155F3 /* ViewController */,
			);
			path = Invite;
			sourceTree = "<group>";
		};
		D50C18F024F657ED008155F3 /* ViewController */ = {
			isa = PBXGroup;
			children = (
				D50C18F124F6580C008155F3 /* InvitedViewController.swift */,
			);
			path = ViewController;
			sourceTree = "<group>";
		};
		D527AE7724DC5ABB00849EDB /* Calendar */ = {
			isa = PBXGroup;
			children = (
				D527AE8224DD691000849EDB /* CalendarViewController.swift */,
			);
			path = Calendar;
			sourceTree = "<group>";
		};
		D5337C1124445C3800D7A079 /* BeeCreate */ = {
			isa = PBXGroup;
			children = (
				D5AEB5B0246548E10084831E /* Model */,
				D5337C1224445C5200D7A079 /* ViewController */,
			);
			path = BeeCreate;
			sourceTree = "<group>";
		};
		D5337C1224445C5200D7A079 /* ViewController */ = {
			isa = PBXGroup;
			children = (
				D5337C1324445C6700D7A079 /* BeeCreateNameViewController.swift */,
				D5337C15244469B100D7A079 /* BeeCreateTimeViewController.swift */,
				D5337C17244469E300D7A079 /* BeeCreateJellyViewController.swift */,
			);
			path = ViewController;
			sourceTree = "<group>";
		};
		D5580D6324082684008F16F5 /* Fonts */ = {
			isa = PBXGroup;
			children = (
				D5580D6A240960BC008F16F5 /* AppleSDGothicNeo.ttc */,
				D5580D652408269F008F16F5 /* NanumBarunGothicBold.ttf */,
				D5580D662408269F008F16F5 /* Roboto-Medium.ttf */,
				D5580D642408269F008F16F5 /* SFProDisplay-Black.ttf */,
			);
			path = Fonts;
			sourceTree = "<group>";
		};
		D57B830A2405A747001DB1FF /* Design */ = {
			isa = PBXGroup;
			children = (
				D57B830B2405A761001DB1FF /* ViewDesign.swift */,
			);
			path = Design;
			sourceTree = "<group>";
		};
		D5AEB5AF246547980084831E /* Model */ = {
			isa = PBXGroup;
			children = (
				B020492323D73E2F00B41003 /* SignIn.swift */,
				B0CC882B23F6A33500B3131E /* SignUp.swift */,
				B0449EAA23B5D41E0079D816 /* VaildNickname.swift */,
			);
			path = Model;
			sourceTree = "<group>";
		};
		D5AEB5B0246548E10084831E /* Model */ = {
			isa = PBXGroup;
			children = (
				D526E525244886A500892387 /* CreateBee.swift */,
			);
			path = Model;
			sourceTree = "<group>";
		};
		D5AEB5B124654B290084831E /* Requset */ = {
			isa = PBXGroup;
			children = (
				D5D3DA292427623500EFB04B /* RenewalRequest.swift */,
				D5D9919B2438C7BE00BEFEE8 /* MeRequest.swift */,
				B0747AAB23AA642C00100858 /* NetworkRequest.swift */,
			);
			path = Requset;
			sourceTree = "<group>";
		};
		D5AEB5B224654D500084831E /* Model */ = {
			isa = PBXGroup;
			children = (
				D5AEB5B324654EC80084831E /* BeeInfo.swift */,
				D50C18F524F69330008155F3 /* Invite.swift */,
			);
			path = Model;
			sourceTree = "<group>";
		};
		D5AEB5B52465D5FF0084831E /* MissionCreate */ = {
			isa = PBXGroup;
			children = (
				D5E50AB7246EB879003E8AB7 /* Model */,
				D5AEB5B62465D61B0084831E /* ViewController */,
			);
			path = MissionCreate;
			sourceTree = "<group>";
		};
		D5AEB5B62465D61B0084831E /* ViewController */ = {
			isa = PBXGroup;
			children = (
				D5AEB5B82465D63A0084831E /* MissionCreateViewController.swift */,
			);
			path = ViewController;
			sourceTree = "<group>";
		};
		D5B2D1FA244324FE001C2466 /* NavigationControl */ = {
			isa = PBXGroup;
			children = (
				D5B2D1FD244326C7001C2466 /* NavigationControl.swift */,
			);
			path = NavigationControl;
			sourceTree = "<group>";
		};
		D5E50AB7246EB879003E8AB7 /* Model */ = {
			isa = PBXGroup;
			children = (
				D5E50AB8246EB8AA003E8AB7 /* MissionCreate.swift */,
			);
			path = Model;
			sourceTree = "<group>";
		};
/* End PBXGroup section */

/* Begin PBXNativeTarget section */
		7279EF7F236EC61D005ECC81 /* Morningbees-iOS */ = {
			isa = PBXNativeTarget;
			buildConfigurationList = 7279EF94236EC623005ECC81 /* Build configuration list for PBXNativeTarget "Morningbees-iOS" */;
			buildPhases = (
				343DB0AD4EFDCADA9E6F9E17 /* [CP] Check Pods Manifest.lock */,
				7279EF7C236EC61D005ECC81 /* Sources */,
				7279EF7D236EC61D005ECC81 /* Frameworks */,
				7279EF7E236EC61D005ECC81 /* Resources */,
				7254BF4723A669D20036D24D /* SwiftLint Script */,
				113B81C37F507F49F7645AF1 /* [CP] Embed Pods Frameworks */,
				61D1315BB1B6355350C02315 /* [CP] Copy Pods Resources */,
			);
			buildRules = (
			);
			dependencies = (
			);
			name = "Morningbees-iOS";
			productName = "Morningbees-iOS";
			productReference = 7279EF80236EC61D005ECC81 /* Morningbees.app */;
			productType = "com.apple.product-type.application";
		};
/* End PBXNativeTarget section */

/* Begin PBXProject section */
		7279EF78236EC61D005ECC81 /* Project object */ = {
			isa = PBXProject;
			attributes = {
				LastSwiftUpdateCheck = 1120;
				LastUpgradeCheck = 1200;
				ORGANIZATIONNAME = THRAGOO;
				TargetAttributes = {
					7279EF7F236EC61D005ECC81 = {
						CreatedOnToolsVersion = 11.2;
					};
				};
			};
			buildConfigurationList = 7279EF7B236EC61D005ECC81 /* Build configuration list for PBXProject "Morningbees-iOS" */;
			compatibilityVersion = "Xcode 12.0";
			developmentRegion = en;
			hasScannedForEncodings = 0;
			knownRegions = (
				en,
				Base,
			);
			mainGroup = 7279EF77236EC61D005ECC81;
			productRefGroup = 7279EF81236EC61D005ECC81 /* Products */;
			projectDirPath = "";
			projectRoot = "";
			targets = (
				7279EF7F236EC61D005ECC81 /* Morningbees-iOS */,
			);
		};
/* End PBXProject section */

/* Begin PBXResourcesBuildPhase section */
		7279EF7E236EC61D005ECC81 /* Resources */ = {
			isa = PBXResourcesBuildPhase;
			buildActionMask = 2147483647;
			files = (
				D5580D692408269F008F16F5 /* Roboto-Medium.ttf in Resources */,
				D5580D682408269F008F16F5 /* NanumBarunGothicBold.ttf in Resources */,
				D50C18EC24F3D1DC008155F3 /* GoogleService-Info.plist in Resources */,
				D5580D672408269F008F16F5 /* SFProDisplay-Black.ttf in Resources */,
				7254BF4923A66AA10036D24D /* .swiftlint.yml in Resources */,
				D5580D6B240960BC008F16F5 /* AppleSDGothicNeo.ttc in Resources */,
				7279EF90236EC623005ECC81 /* LaunchScreen.storyboard in Resources */,
				7279EF8D236EC623005ECC81 /* Assets.xcassets in Resources */,
				7279EF8B236EC61D005ECC81 /* Main.storyboard in Resources */,
			);
			runOnlyForDeploymentPostprocessing = 0;
		};
/* End PBXResourcesBuildPhase section */

/* Begin PBXShellScriptBuildPhase section */
		113B81C37F507F49F7645AF1 /* [CP] Embed Pods Frameworks */ = {
			isa = PBXShellScriptBuildPhase;
			buildActionMask = 2147483647;
			files = (
			);
			inputFileListPaths = (
				"${PODS_ROOT}/Target Support Files/Pods-Morningbees-iOS/Pods-Morningbees-iOS-frameworks-${CONFIGURATION}-input-files.xcfilelist",
			);
			name = "[CP] Embed Pods Frameworks";
			outputFileListPaths = (
				"${PODS_ROOT}/Target Support Files/Pods-Morningbees-iOS/Pods-Morningbees-iOS-frameworks-${CONFIGURATION}-output-files.xcfilelist",
			);
			runOnlyForDeploymentPostprocessing = 0;
			shellPath = /bin/sh;
			shellScript = "\"${PODS_ROOT}/Target Support Files/Pods-Morningbees-iOS/Pods-Morningbees-iOS-frameworks.sh\"\n";
			showEnvVarsInLog = 0;
		};
		343DB0AD4EFDCADA9E6F9E17 /* [CP] Check Pods Manifest.lock */ = {
			isa = PBXShellScriptBuildPhase;
			buildActionMask = 2147483647;
			files = (
			);
			inputFileListPaths = (
			);
			inputPaths = (
				"${PODS_PODFILE_DIR_PATH}/Podfile.lock",
				"${PODS_ROOT}/Manifest.lock",
			);
			name = "[CP] Check Pods Manifest.lock";
			outputFileListPaths = (
			);
			outputPaths = (
				"$(DERIVED_FILE_DIR)/Pods-Morningbees-iOS-checkManifestLockResult.txt",
			);
			runOnlyForDeploymentPostprocessing = 0;
			shellPath = /bin/sh;
			shellScript = "diff \"${PODS_PODFILE_DIR_PATH}/Podfile.lock\" \"${PODS_ROOT}/Manifest.lock\" > /dev/null\nif [ $? != 0 ] ; then\n    # print error to STDERR\n    echo \"error: The sandbox is not in sync with the Podfile.lock. Run 'pod install' or update your CocoaPods installation.\" >&2\n    exit 1\nfi\n# This output is used by Xcode 'outputs' to avoid re-running this script phase.\necho \"SUCCESS\" > \"${SCRIPT_OUTPUT_FILE_0}\"\n";
			showEnvVarsInLog = 0;
		};
		61D1315BB1B6355350C02315 /* [CP] Copy Pods Resources */ = {
			isa = PBXShellScriptBuildPhase;
			buildActionMask = 2147483647;
			files = (
			);
			inputFileListPaths = (
				"${PODS_ROOT}/Target Support Files/Pods-Morningbees-iOS/Pods-Morningbees-iOS-resources-${CONFIGURATION}-input-files.xcfilelist",
			);
			name = "[CP] Copy Pods Resources";
			outputFileListPaths = (
				"${PODS_ROOT}/Target Support Files/Pods-Morningbees-iOS/Pods-Morningbees-iOS-resources-${CONFIGURATION}-output-files.xcfilelist",
			);
			runOnlyForDeploymentPostprocessing = 0;
			shellPath = /bin/sh;
			shellScript = "\"${PODS_ROOT}/Target Support Files/Pods-Morningbees-iOS/Pods-Morningbees-iOS-resources.sh\"\n";
			showEnvVarsInLog = 0;
		};
		7254BF4723A669D20036D24D /* SwiftLint Script */ = {
			isa = PBXShellScriptBuildPhase;
			buildActionMask = 2147483647;
			files = (
			);
			inputFileListPaths = (
			);
			inputPaths = (
			);
			name = "SwiftLint Script";
			outputFileListPaths = (
			);
			outputPaths = (
			);
			runOnlyForDeploymentPostprocessing = 0;
			shellPath = /bin/sh;
			shellScript = "${PODS_ROOT}/SwiftLint/swiftlint\n";
		};
/* End PBXShellScriptBuildPhase section */

/* Begin PBXSourcesBuildPhase section */
		7279EF7C236EC61D005ECC81 /* Sources */ = {
			isa = PBXSourcesBuildPhase;
			buildActionMask = 2147483647;
			files = (
				B0CC882F23F81B8700B3131E /* KeychainItems.swift in Sources */,
				D50C18F624F69330008155F3 /* Invite.swift in Sources */,
				D57B830C2405A761001DB1FF /* ViewDesign.swift in Sources */,
				D50C18F224F6580C008155F3 /* InvitedViewController.swift in Sources */,
				D5337C1424445C6700D7A079 /* BeeCreateNameViewController.swift in Sources */,
				D5337C18244469E300D7A079 /* BeeCreateJellyViewController.swift in Sources */,
				7279EF88236EC61D005ECC81 /* SignInViewController.swift in Sources */,
				7254BF4B23A913940036D24D /* Logger.swift in Sources */,
				7279EF84236EC61D005ECC81 /* AppDelegate.swift in Sources */,
				D50C18F424F65D48008155F3 /* MemberViewController.swift in Sources */,
				D5AEB5B92465D63A0084831E /* MissionCreateViewController.swift in Sources */,
				B0CC67AD23C9958C0083A012 /* CustomAlert.swift in Sources */,
				B020492423D73E2F00B41003 /* SignIn.swift in Sources */,
				B00115EF2387DAD9003A5E83 /* SignUpViewController.swift in Sources */,
				D5E50AB9246EB8AA003E8AB7 /* MissionCreate.swift in Sources */,
				D5AEB5B424654EC80084831E /* BeeInfo.swift in Sources */,
				7254BF4F23B658C00036D24D /* UIViewController+Extension.swift in Sources */,
				CE432C212390098F0005F257 /* UIApplication+Extension.swift in Sources */,
				B0747AAC23AA642C00100858 /* NetworkRequest.swift in Sources */,
				B08EB50E23BB124300FE411F /* ServerError.swift in Sources */,
				7279EF86236EC61D005ECC81 /* SceneDelegate.swift in Sources */,
				D5337C16244469B100D7A079 /* BeeCreateTimeViewController.swift in Sources */,
				D5B2D20024437807001C2466 /* NetworkItem.swift in Sources */,
				D51951B72434D52900A61CA3 /* Me.swift in Sources */,
				D527AE8324DD691000849EDB /* CalendarViewController.swift in Sources */,
				D5D3DA2C2427644800EFB04B /* Renewal.swift in Sources */,
				D5B2D1FE244326C7001C2466 /* NavigationControl.swift in Sources */,
				B0CC882C23F6A33500B3131E /* SignUp.swift in Sources */,
				B0B3CDBA23FA42BF00CF4200 /* KeychainService.swift in Sources */,
				D5D9919C2438C7BE00BEFEE8 /* MeRequest.swift in Sources */,
				D51951B92434D69100A61CA3 /* BeforeJoinViewController.swift in Sources */,
				B0CC883323F827DD00B3131E /* BeeMainViewController.swift in Sources */,
				D5D3DA2A2427623500EFB04B /* RenewalRequest.swift in Sources */,
				D526E526244886A500892387 /* CreateBee.swift in Sources */,
				B0449EAB23B5D41E0079D816 /* VaildNickname.swift in Sources */,
			);
			runOnlyForDeploymentPostprocessing = 0;
		};
/* End PBXSourcesBuildPhase section */

/* Begin PBXVariantGroup section */
		7279EF89236EC61D005ECC81 /* Main.storyboard */ = {
			isa = PBXVariantGroup;
			children = (
				7279EF8A236EC61D005ECC81 /* Base */,
			);
			name = Main.storyboard;
			sourceTree = "<group>";
		};
		7279EF8E236EC623005ECC81 /* LaunchScreen.storyboard */ = {
			isa = PBXVariantGroup;
			children = (
				7279EF8F236EC623005ECC81 /* Base */,
			);
			name = LaunchScreen.storyboard;
			sourceTree = "<group>";
		};
/* End PBXVariantGroup section */

/* Begin XCBuildConfiguration section */
		7279EF92236EC623005ECC81 /* Debug */ = {
			isa = XCBuildConfiguration;
			buildSettings = {
				ALWAYS_SEARCH_USER_PATHS = NO;
				CLANG_ANALYZER_NONNULL = YES;
				CLANG_ANALYZER_NUMBER_OBJECT_CONVERSION = YES_AGGRESSIVE;
				CLANG_CXX_LANGUAGE_STANDARD = "gnu++14";
				CLANG_CXX_LIBRARY = "libc++";
				CLANG_ENABLE_MODULES = YES;
				CLANG_ENABLE_OBJC_ARC = YES;
				CLANG_ENABLE_OBJC_WEAK = YES;
				CLANG_WARN_BLOCK_CAPTURE_AUTORELEASING = YES;
				CLANG_WARN_BOOL_CONVERSION = YES;
				CLANG_WARN_COMMA = YES;
				CLANG_WARN_CONSTANT_CONVERSION = YES;
				CLANG_WARN_DEPRECATED_OBJC_IMPLEMENTATIONS = YES;
				CLANG_WARN_DIRECT_OBJC_ISA_USAGE = YES_ERROR;
				CLANG_WARN_DOCUMENTATION_COMMENTS = YES;
				CLANG_WARN_EMPTY_BODY = YES;
				CLANG_WARN_ENUM_CONVERSION = YES;
				CLANG_WARN_INFINITE_RECURSION = YES;
				CLANG_WARN_INT_CONVERSION = YES;
				CLANG_WARN_NON_LITERAL_NULL_CONVERSION = YES;
				CLANG_WARN_OBJC_IMPLICIT_RETAIN_SELF = YES;
				CLANG_WARN_OBJC_LITERAL_CONVERSION = YES;
				CLANG_WARN_OBJC_ROOT_CLASS = YES_ERROR;
				CLANG_WARN_QUOTED_INCLUDE_IN_FRAMEWORK_HEADER = YES;
				CLANG_WARN_RANGE_LOOP_ANALYSIS = YES;
				CLANG_WARN_STRICT_PROTOTYPES = YES;
				CLANG_WARN_SUSPICIOUS_MOVE = YES;
				CLANG_WARN_UNGUARDED_AVAILABILITY = YES_AGGRESSIVE;
				CLANG_WARN_UNREACHABLE_CODE = YES;
				CLANG_WARN__DUPLICATE_METHOD_MATCH = YES;
				COPY_PHASE_STRIP = NO;
				DEBUG_INFORMATION_FORMAT = dwarf;
				ENABLE_STRICT_OBJC_MSGSEND = YES;
				ENABLE_TESTABILITY = YES;
				GCC_C_LANGUAGE_STANDARD = gnu11;
				GCC_DYNAMIC_NO_PIC = NO;
				GCC_NO_COMMON_BLOCKS = YES;
				GCC_OPTIMIZATION_LEVEL = 0;
				GCC_PREPROCESSOR_DEFINITIONS = (
					"DEBUG=1",
					"$(inherited)",
				);
				GCC_WARN_64_TO_32_BIT_CONVERSION = YES;
				GCC_WARN_ABOUT_RETURN_TYPE = YES_ERROR;
				GCC_WARN_UNDECLARED_SELECTOR = YES;
				GCC_WARN_UNINITIALIZED_AUTOS = YES_AGGRESSIVE;
				GCC_WARN_UNUSED_FUNCTION = YES;
				GCC_WARN_UNUSED_VARIABLE = YES;
				IPHONEOS_DEPLOYMENT_TARGET = 13.0;
				MTL_ENABLE_DEBUG_INFO = INCLUDE_SOURCE;
				MTL_FAST_MATH = YES;
				ONLY_ACTIVE_ARCH = YES;
				SDKROOT = iphoneos;
				SWIFT_ACTIVE_COMPILATION_CONDITIONS = DEBUG;
				SWIFT_OPTIMIZATION_LEVEL = "-Onone";
			};
			name = Debug;
		};
		7279EF93236EC623005ECC81 /* Release */ = {
			isa = XCBuildConfiguration;
			buildSettings = {
				ALWAYS_SEARCH_USER_PATHS = NO;
				CLANG_ANALYZER_NONNULL = YES;
				CLANG_ANALYZER_NUMBER_OBJECT_CONVERSION = YES_AGGRESSIVE;
				CLANG_CXX_LANGUAGE_STANDARD = "gnu++14";
				CLANG_CXX_LIBRARY = "libc++";
				CLANG_ENABLE_MODULES = YES;
				CLANG_ENABLE_OBJC_ARC = YES;
				CLANG_ENABLE_OBJC_WEAK = YES;
				CLANG_WARN_BLOCK_CAPTURE_AUTORELEASING = YES;
				CLANG_WARN_BOOL_CONVERSION = YES;
				CLANG_WARN_COMMA = YES;
				CLANG_WARN_CONSTANT_CONVERSION = YES;
				CLANG_WARN_DEPRECATED_OBJC_IMPLEMENTATIONS = YES;
				CLANG_WARN_DIRECT_OBJC_ISA_USAGE = YES_ERROR;
				CLANG_WARN_DOCUMENTATION_COMMENTS = YES;
				CLANG_WARN_EMPTY_BODY = YES;
				CLANG_WARN_ENUM_CONVERSION = YES;
				CLANG_WARN_INFINITE_RECURSION = YES;
				CLANG_WARN_INT_CONVERSION = YES;
				CLANG_WARN_NON_LITERAL_NULL_CONVERSION = YES;
				CLANG_WARN_OBJC_IMPLICIT_RETAIN_SELF = YES;
				CLANG_WARN_OBJC_LITERAL_CONVERSION = YES;
				CLANG_WARN_OBJC_ROOT_CLASS = YES_ERROR;
				CLANG_WARN_QUOTED_INCLUDE_IN_FRAMEWORK_HEADER = YES;
				CLANG_WARN_RANGE_LOOP_ANALYSIS = YES;
				CLANG_WARN_STRICT_PROTOTYPES = YES;
				CLANG_WARN_SUSPICIOUS_MOVE = YES;
				CLANG_WARN_UNGUARDED_AVAILABILITY = YES_AGGRESSIVE;
				CLANG_WARN_UNREACHABLE_CODE = YES;
				CLANG_WARN__DUPLICATE_METHOD_MATCH = YES;
				COPY_PHASE_STRIP = NO;
				DEBUG_INFORMATION_FORMAT = "dwarf-with-dsym";
				ENABLE_NS_ASSERTIONS = NO;
				ENABLE_STRICT_OBJC_MSGSEND = YES;
				GCC_C_LANGUAGE_STANDARD = gnu11;
				GCC_NO_COMMON_BLOCKS = YES;
				GCC_WARN_64_TO_32_BIT_CONVERSION = YES;
				GCC_WARN_ABOUT_RETURN_TYPE = YES_ERROR;
				GCC_WARN_UNDECLARED_SELECTOR = YES;
				GCC_WARN_UNINITIALIZED_AUTOS = YES_AGGRESSIVE;
				GCC_WARN_UNUSED_FUNCTION = YES;
				GCC_WARN_UNUSED_VARIABLE = YES;
				IPHONEOS_DEPLOYMENT_TARGET = 13.0;
				MTL_ENABLE_DEBUG_INFO = NO;
				MTL_FAST_MATH = YES;
				SDKROOT = iphoneos;
				SWIFT_COMPILATION_MODE = wholemodule;
				SWIFT_OPTIMIZATION_LEVEL = "-O";
				VALIDATE_PRODUCT = YES;
			};
			name = Release;
		};
		7279EF95236EC623005ECC81 /* Debug */ = {
			isa = XCBuildConfiguration;
			baseConfigurationReference = 4A120E772A1AA14D7C6C9724 /* Pods-Morningbees-iOS.debug.xcconfig */;
			buildSettings = {
				ASSETCATALOG_COMPILER_APPICON_NAME = AppIcon;
				CODE_SIGN_ENTITLEMENTS = "Morningbees-iOS/Morningbees.entitlements";
				CODE_SIGN_STYLE = Automatic;
				DEVELOPMENT_TEAM = Z7VQN24VBM;
				INFOPLIST_FILE = "Morningbees-iOS/Info.plist";
				IPHONEOS_DEPLOYMENT_TARGET = 14.0;
				LD_RUNPATH_SEARCH_PATHS = (
					"$(inherited)",
					"@executable_path/Frameworks",
				);
				PRODUCT_BUNDLE_IDENTIFIER = "com.thragoo.Morningbees-iOS";
				PRODUCT_NAME = Morningbees;
				SWIFT_VERSION = 5.0;
				TARGETED_DEVICE_FAMILY = 1;
			};
			name = Debug;
		};
		7279EF96236EC623005ECC81 /* Release */ = {
			isa = XCBuildConfiguration;
			baseConfigurationReference = C0ED24CC52894DF6E5EDDDA1 /* Pods-Morningbees-iOS.release.xcconfig */;
			buildSettings = {
				ASSETCATALOG_COMPILER_APPICON_NAME = AppIcon;
				CODE_SIGN_ENTITLEMENTS = "Morningbees-iOS/Morningbees.entitlements";
				CODE_SIGN_STYLE = Automatic;
				DEVELOPMENT_TEAM = Z7VQN24VBM;
				INFOPLIST_FILE = "Morningbees-iOS/Info.plist";
				IPHONEOS_DEPLOYMENT_TARGET = 14.0;
				LD_RUNPATH_SEARCH_PATHS = (
					"$(inherited)",
					"@executable_path/Frameworks",
				);
				PRODUCT_BUNDLE_IDENTIFIER = "com.thragoo.Morningbees-iOS";
				PRODUCT_NAME = Morningbees;
				SWIFT_VERSION = 5.0;
				TARGETED_DEVICE_FAMILY = 1;
			};
			name = Release;
		};
/* End XCBuildConfiguration section */

/* Begin XCConfigurationList section */
		7279EF7B236EC61D005ECC81 /* Build configuration list for PBXProject "Morningbees-iOS" */ = {
			isa = XCConfigurationList;
			buildConfigurations = (
				7279EF92236EC623005ECC81 /* Debug */,
				7279EF93236EC623005ECC81 /* Release */,
			);
			defaultConfigurationIsVisible = 0;
			defaultConfigurationName = Release;
		};
		7279EF94236EC623005ECC81 /* Build configuration list for PBXNativeTarget "Morningbees-iOS" */ = {
			isa = XCConfigurationList;
			buildConfigurations = (
				7279EF95236EC623005ECC81 /* Debug */,
				7279EF96236EC623005ECC81 /* Release */,
			);
			defaultConfigurationIsVisible = 0;
			defaultConfigurationName = Release;
		};
/* End XCConfigurationList section */
	};
	rootObject = 7279EF78236EC61D005ECC81 /* Project object */;
}
